// !$*UTF8*$!
{
	archiveVersion = 1;
	classes = {
	};
	objectVersion = 46;
	objects = {

/* Begin PBXBuildFile section */
		1B294CB219ADFE9100AF686E /* backgroundImage.png in Resources */ = {isa = PBXBuildFile; fileRef = 1B294CB119ADFE9100AF686E /* backgroundImage.png */; };
		1B294CB719ADFE9B00AF686E /* blueButton.png in Resources */ = {isa = PBXBuildFile; fileRef = 1B294CB319ADFE9B00AF686E /* blueButton.png */; };
		1B294CB819ADFE9B00AF686E /* circleButton.png in Resources */ = {isa = PBXBuildFile; fileRef = 1B294CB419ADFE9B00AF686E /* circleButton.png */; };
		1B294CB919ADFE9B00AF686E /* greenButton.png in Resources */ = {isa = PBXBuildFile; fileRef = 1B294CB519ADFE9B00AF686E /* greenButton.png */; };
		1B294CBA19ADFE9B00AF686E /* greyButton.png in Resources */ = {isa = PBXBuildFile; fileRef = 1B294CB619ADFE9B00AF686E /* greyButton.png */; };
		1B294CC019ADFEA400AF686E /* highVolumeImage.png in Resources */ = {isa = PBXBuildFile; fileRef = 1B294CBB19ADFEA400AF686E /* highVolumeImage.png */; };
		1B294CC119ADFEA400AF686E /* lowVolumeImage.png in Resources */ = {isa = PBXBuildFile; fileRef = 1B294CBC19ADFEA400AF686E /* lowVolumeImage.png */; };
		1B294CC219ADFEA400AF686E /* mediumVolumeImage.png in Resources */ = {isa = PBXBuildFile; fileRef = 1B294CBD19ADFEA400AF686E /* mediumVolumeImage.png */; };
		1B294CC319ADFEA400AF686E /* play.png in Resources */ = {isa = PBXBuildFile; fileRef = 1B294CBE19ADFEA400AF686E /* play.png */; };
		1B294CC419ADFEA400AF686E /* rectangleButton.png in Resources */ = {isa = PBXBuildFile; fileRef = 1B294CBF19ADFEA400AF686E /* rectangleButton.png */; };
		1B294CC919ADFEAF00AF686E /* redButton.png in Resources */ = {isa = PBXBuildFile; fileRef = 1B294CC519ADFEAF00AF686E /* redButton.png */; };
		1B294CCA19ADFEAF00AF686E /* stop.png in Resources */ = {isa = PBXBuildFile; fileRef = 1B294CC619ADFEAF00AF686E /* stop.png */; };
		1B294CCB19ADFEAF00AF686E /* tempoBackground.png in Resources */ = {isa = PBXBuildFile; fileRef = 1B294CC719ADFEAF00AF686E /* tempoBackground.png */; };
		1B294CCE19ADFF9A00AF686E /* bongo_cutout.png in Resources */ = {isa = PBXBuildFile; fileRef = 1B294CCD19ADFF9A00AF686E /* bongo_cutout.png */; };
		1B294CD019AE205900AF686E /* timerBarImage.png in Resources */ = {isa = PBXBuildFile; fileRef = 1B294CCF19AE205900AF686E /* timerBarImage.png */; };
		1B294CD619AE22A900AF686E /* Images1.xcassets in Resources */ = {isa = PBXBuildFile; fileRef = 1B294CD519AE22A900AF686E /* Images1.xcassets */; };
		1B294CDA19AE35FF00AF686E /* homePage.png in Resources */ = {isa = PBXBuildFile; fileRef = 1B294CD919AE35FF00AF686E /* homePage.png */; };
		1B911B2119D08086008536D6 /* StoreKit.framework in Frameworks */ = {isa = PBXBuildFile; fileRef = 1B911B2019D08086008536D6 /* StoreKit.framework */; };
		1B911B3219D08FDC008536D6 /* CongaSequencerViewController.m in Sources */ = {isa = PBXBuildFile; fileRef = 1B911B3119D08FDC008536D6 /* CongaSequencerViewController.m */; };
		1B911B3519D09009008536D6 /* CongaViewController.m in Sources */ = {isa = PBXBuildFile; fileRef = 1B911B3419D09009008536D6 /* CongaViewController.m */; };
		1B911B3819D0932B008536D6 /* MainViewController.m in Sources */ = {isa = PBXBuildFile; fileRef = 1B911B3719D0932B008536D6 /* MainViewController.m */; };
		1B911B4419D167D5008536D6 /* PurchaseViewController.m in Sources */ = {isa = PBXBuildFile; fileRef = 1B911B4219D167D5008536D6 /* PurchaseViewController.m */; };
		1B97E60619ACA8B3002E4F98 /* MasterViewController.m in Sources */ = {isa = PBXBuildFile; fileRef = 1B97E60519ACA8B3002E4F98 /* MasterViewController.m */; };
		1B97E60D19ACC0BF002E4F98 /* BongoViewController.m in Sources */ = {isa = PBXBuildFile; fileRef = 1B97E60C19ACC0BF002E4F98 /* BongoViewController.m */; };
		1B988BB61988134700F9B880 /* Foundation.framework in Frameworks */ = {isa = PBXBuildFile; fileRef = 1B988BB51988134700F9B880 /* Foundation.framework */; };
		1B988BB81988134700F9B880 /* CoreGraphics.framework in Frameworks */ = {isa = PBXBuildFile; fileRef = 1B988BB71988134700F9B880 /* CoreGraphics.framework */; };
		1B988BBA1988134700F9B880 /* UIKit.framework in Frameworks */ = {isa = PBXBuildFile; fileRef = 1B988BB91988134700F9B880 /* UIKit.framework */; };
		1B988BC01988134700F9B880 /* InfoPlist.strings in Resources */ = {isa = PBXBuildFile; fileRef = 1B988BBE1988134700F9B880 /* InfoPlist.strings */; };
		1B988BC21988134700F9B880 /* main.m in Sources */ = {isa = PBXBuildFile; fileRef = 1B988BC11988134700F9B880 /* main.m */; };
		1B988BC61988134700F9B880 /* AppDelegate.m in Sources */ = {isa = PBXBuildFile; fileRef = 1B988BC51988134700F9B880 /* AppDelegate.m */; };
		1B988BC91988134700F9B880 /* Main_iPhone.storyboard in Resources */ = {isa = PBXBuildFile; fileRef = 1B988BC71988134700F9B880 /* Main_iPhone.storyboard */; };
		1B988BCC1988134700F9B880 /* Main_iPad.storyboard in Resources */ = {isa = PBXBuildFile; fileRef = 1B988BCA1988134700F9B880 /* Main_iPad.storyboard */; };
		1B988BCF1988134700F9B880 /* ViewController.m in Sources */ = {isa = PBXBuildFile; fileRef = 1B988BCE1988134700F9B880 /* ViewController.m */; };
		1B988BD11988134700F9B880 /* Images.xcassets in Resources */ = {isa = PBXBuildFile; fileRef = 1B988BD01988134700F9B880 /* Images.xcassets */; };
		1B988BD81988134700F9B880 /* XCTest.framework in Frameworks */ = {isa = PBXBuildFile; fileRef = 1B988BD71988134700F9B880 /* XCTest.framework */; };
		1B988BD91988134700F9B880 /* Foundation.framework in Frameworks */ = {isa = PBXBuildFile; fileRef = 1B988BB51988134700F9B880 /* Foundation.framework */; };
		1B988BDA1988134700F9B880 /* UIKit.framework in Frameworks */ = {isa = PBXBuildFile; fileRef = 1B988BB91988134700F9B880 /* UIKit.framework */; };
		1B988BE21988134700F9B880 /* InfoPlist.strings in Resources */ = {isa = PBXBuildFile; fileRef = 1B988BE01988134700F9B880 /* InfoPlist.strings */; };
		1B988BE41988134700F9B880 /* percussionTests.m in Sources */ = {isa = PBXBuildFile; fileRef = 1B988BE31988134700F9B880 /* percussionTests.m */; };
		1B988BEF1988140300F9B880 /* SoundPlayer.m in Sources */ = {isa = PBXBuildFile; fileRef = 1B988BEE1988140300F9B880 /* SoundPlayer.m */; };
		1B988BF11988144500F9B880 /* AudioToolbox.framework in Frameworks */ = {isa = PBXBuildFile; fileRef = 1B988BF01988144500F9B880 /* AudioToolbox.framework */; };
		1B988BF31988145C00F9B880 /* AVFoundation.framework in Frameworks */ = {isa = PBXBuildFile; fileRef = 1B988BF21988145C00F9B880 /* AVFoundation.framework */; };
		1BB69A9519D6EC17004D9964 /* LeftBongo.wav in Resources */ = {isa = PBXBuildFile; fileRef = 1BB69A9119D6EC17004D9964 /* LeftBongo.wav */; };
		1BB69A9619D6EC17004D9964 /* LeftBongoEdge.wav in Resources */ = {isa = PBXBuildFile; fileRef = 1BB69A9219D6EC17004D9964 /* LeftBongoEdge.wav */; };
		1BB69A9719D6EC17004D9964 /* RightBongo.wav in Resources */ = {isa = PBXBuildFile; fileRef = 1BB69A9319D6EC17004D9964 /* RightBongo.wav */; };
		1BB69A9819D6EC17004D9964 /* RightBongoEdge.wav in Resources */ = {isa = PBXBuildFile; fileRef = 1BB69A9419D6EC17004D9964 /* RightBongoEdge.wav */; };
/* End PBXBuildFile section */

/* Begin PBXContainerItemProxy section */
		1B988BDB1988134700F9B880 /* PBXContainerItemProxy */ = {
			isa = PBXContainerItemProxy;
			containerPortal = 1B988BAA1988134700F9B880 /* Project object */;
			proxyType = 1;
			remoteGlobalIDString = 1B988BB11988134700F9B880;
			remoteInfo = percussion;
		};
/* End PBXContainerItemProxy section */

/* Begin PBXFileReference section */
		1B294CB119ADFE9100AF686E /* backgroundImage.png */ = {isa = PBXFileReference; lastKnownFileType = image.png; path = backgroundImage.png; sourceTree = "<group>"; };
		1B294CB319ADFE9B00AF686E /* blueButton.png */ = {isa = PBXFileReference; lastKnownFileType = image.png; path = blueButton.png; sourceTree = "<group>"; };
		1B294CB419ADFE9B00AF686E /* circleButton.png */ = {isa = PBXFileReference; lastKnownFileType = image.png; path = circleButton.png; sourceTree = "<group>"; };
		1B294CB519ADFE9B00AF686E /* greenButton.png */ = {isa = PBXFileReference; lastKnownFileType = image.png; path = greenButton.png; sourceTree = "<group>"; };
		1B294CB619ADFE9B00AF686E /* greyButton.png */ = {isa = PBXFileReference; lastKnownFileType = image.png; path = greyButton.png; sourceTree = "<group>"; };
		1B294CBB19ADFEA400AF686E /* highVolumeImage.png */ = {isa = PBXFileReference; lastKnownFileType = image.png; path = highVolumeImage.png; sourceTree = "<group>"; };
		1B294CBC19ADFEA400AF686E /* lowVolumeImage.png */ = {isa = PBXFileReference; lastKnownFileType = image.png; path = lowVolumeImage.png; sourceTree = "<group>"; };
		1B294CBD19ADFEA400AF686E /* mediumVolumeImage.png */ = {isa = PBXFileReference; lastKnownFileType = image.png; path = mediumVolumeImage.png; sourceTree = "<group>"; };
		1B294CBE19ADFEA400AF686E /* play.png */ = {isa = PBXFileReference; lastKnownFileType = image.png; path = play.png; sourceTree = "<group>"; };
		1B294CBF19ADFEA400AF686E /* rectangleButton.png */ = {isa = PBXFileReference; lastKnownFileType = image.png; path = rectangleButton.png; sourceTree = "<group>"; };
		1B294CC519ADFEAF00AF686E /* redButton.png */ = {isa = PBXFileReference; lastKnownFileType = image.png; path = redButton.png; sourceTree = "<group>"; };
		1B294CC619ADFEAF00AF686E /* stop.png */ = {isa = PBXFileReference; lastKnownFileType = image.png; path = stop.png; sourceTree = "<group>"; };
		1B294CC719ADFEAF00AF686E /* tempoBackground.png */ = {isa = PBXFileReference; lastKnownFileType = image.png; path = tempoBackground.png; sourceTree = "<group>"; };
		1B294CCD19ADFF9A00AF686E /* bongo_cutout.png */ = {isa = PBXFileReference; lastKnownFileType = image.png; path = bongo_cutout.png; sourceTree = "<group>"; };
		1B294CCF19AE205900AF686E /* timerBarImage.png */ = {isa = PBXFileReference; lastKnownFileType = image.png; path = timerBarImage.png; sourceTree = "<group>"; };
		1B294CD519AE22A900AF686E /* Images1.xcassets */ = {isa = PBXFileReference; lastKnownFileType = folder.assetcatalog; path = Images1.xcassets; sourceTree = "<group>"; };
		1B294CD919AE35FF00AF686E /* homePage.png */ = {isa = PBXFileReference; lastKnownFileType = image.png; path = homePage.png; sourceTree = "<group>"; };
		1B911B2019D08086008536D6 /* StoreKit.framework */ = {isa = PBXFileReference; lastKnownFileType = wrapper.framework; name = StoreKit.framework; path = System/Library/Frameworks/StoreKit.framework; sourceTree = SDKROOT; };
		1B911B3019D08FDC008536D6 /* CongaSequencerViewController.h */ = {isa = PBXFileReference; fileEncoding = 4; lastKnownFileType = sourcecode.c.h; path = CongaSequencerViewController.h; sourceTree = "<group>"; };
		1B911B3119D08FDC008536D6 /* CongaSequencerViewController.m */ = {isa = PBXFileReference; fileEncoding = 4; lastKnownFileType = sourcecode.c.objc; path = CongaSequencerViewController.m; sourceTree = "<group>"; };
		1B911B3319D09009008536D6 /* CongaViewController.h */ = {isa = PBXFileReference; fileEncoding = 4; lastKnownFileType = sourcecode.c.h; name = CongaViewController.h; path = ../CongaViewController.h; sourceTree = "<group>"; };
		1B911B3419D09009008536D6 /* CongaViewController.m */ = {isa = PBXFileReference; fileEncoding = 4; lastKnownFileType = sourcecode.c.objc; name = CongaViewController.m; path = ../CongaViewController.m; sourceTree = "<group>"; };
		1B911B3619D0932B008536D6 /* MainViewController.h */ = {isa = PBXFileReference; fileEncoding = 4; lastKnownFileType = sourcecode.c.h; path = MainViewController.h; sourceTree = "<group>"; };
		1B911B3719D0932B008536D6 /* MainViewController.m */ = {isa = PBXFileReference; fileEncoding = 4; lastKnownFileType = sourcecode.c.objc; path = MainViewController.m; sourceTree = "<group>"; };
		1B911B4119D167D5008536D6 /* PurchaseViewController.h */ = {isa = PBXFileReference; fileEncoding = 4; lastKnownFileType = sourcecode.c.h; path = PurchaseViewController.h; sourceTree = "<group>"; };
		1B911B4219D167D5008536D6 /* PurchaseViewController.m */ = {isa = PBXFileReference; fileEncoding = 4; lastKnownFileType = sourcecode.c.objc; path = PurchaseViewController.m; sourceTree = "<group>"; };
		1B91BF9819A60E98007ED43B /* QuartzCore.framework */ = {isa = PBXFileReference; lastKnownFileType = wrapper.framework; name = QuartzCore.framework; path = System/Library/Frameworks/QuartzCore.framework; sourceTree = SDKROOT; };
		1B97E60519ACA8B3002E4F98 /* MasterViewController.m */ = {isa = PBXFileReference; fileEncoding = 4; lastKnownFileType = sourcecode.c.objc; name = MasterViewController.m; path = ../../../Classes/MasterViewController.m; sourceTree = "<group>"; };
		1B97E60719ACA8C5002E4F98 /* MasterViewController.h */ = {isa = PBXFileReference; fileEncoding = 4; lastKnownFileType = sourcecode.c.h; name = MasterViewController.h; path = ../../../Classes/MasterViewController.h; sourceTree = "<group>"; };
		1B97E60B19ACC0BF002E4F98 /* BongoViewController.h */ = {isa = PBXFileReference; fileEncoding = 4; lastKnownFileType = sourcecode.c.h; name = BongoViewController.h; path = ../BongoViewController.h; sourceTree = "<group>"; };
		1B97E60C19ACC0BF002E4F98 /* BongoViewController.m */ = {isa = PBXFileReference; fileEncoding = 4; lastKnownFileType = sourcecode.c.objc; name = BongoViewController.m; path = ../BongoViewController.m; sourceTree = "<group>"; };
		1B988BB21988134700F9B880 /* percussion.app */ = {isa = PBXFileReference; explicitFileType = wrapper.application; includeInIndex = 0; path = percussion.app; sourceTree = BUILT_PRODUCTS_DIR; };
		1B988BB51988134700F9B880 /* Foundation.framework */ = {isa = PBXFileReference; lastKnownFileType = wrapper.framework; name = Foundation.framework; path = System/Library/Frameworks/Foundation.framework; sourceTree = SDKROOT; };
		1B988BB71988134700F9B880 /* CoreGraphics.framework */ = {isa = PBXFileReference; lastKnownFileType = wrapper.framework; name = CoreGraphics.framework; path = System/Library/Frameworks/CoreGraphics.framework; sourceTree = SDKROOT; };
		1B988BB91988134700F9B880 /* UIKit.framework */ = {isa = PBXFileReference; lastKnownFileType = wrapper.framework; name = UIKit.framework; path = System/Library/Frameworks/UIKit.framework; sourceTree = SDKROOT; };
		1B988BBD1988134700F9B880 /* percussion-Info.plist */ = {isa = PBXFileReference; lastKnownFileType = text.plist.xml; path = "percussion-Info.plist"; sourceTree = "<group>"; };
		1B988BBF1988134700F9B880 /* en */ = {isa = PBXFileReference; lastKnownFileType = text.plist.strings; name = en; path = en.lproj/InfoPlist.strings; sourceTree = "<group>"; };
		1B988BC11988134700F9B880 /* main.m */ = {isa = PBXFileReference; lastKnownFileType = sourcecode.c.objc; path = main.m; sourceTree = "<group>"; };
		1B988BC31988134700F9B880 /* percussion-Prefix.pch */ = {isa = PBXFileReference; lastKnownFileType = sourcecode.c.h; path = "percussion-Prefix.pch"; sourceTree = "<group>"; };
		1B988BC41988134700F9B880 /* AppDelegate.h */ = {isa = PBXFileReference; lastKnownFileType = sourcecode.c.h; path = AppDelegate.h; sourceTree = "<group>"; };
		1B988BC51988134700F9B880 /* AppDelegate.m */ = {isa = PBXFileReference; lastKnownFileType = sourcecode.c.objc; path = AppDelegate.m; sourceTree = "<group>"; };
		1B988BC81988134700F9B880 /* Base */ = {isa = PBXFileReference; lastKnownFileType = file.storyboard; name = Base; path = Base.lproj/Main_iPhone.storyboard; sourceTree = "<group>"; };
		1B988BCB1988134700F9B880 /* Base */ = {isa = PBXFileReference; lastKnownFileType = file.storyboard; name = Base; path = Base.lproj/Main_iPad.storyboard; sourceTree = "<group>"; };
		1B988BCD1988134700F9B880 /* ViewController.h */ = {isa = PBXFileReference; lastKnownFileType = sourcecode.c.h; path = ViewController.h; sourceTree = "<group>"; };
		1B988BCE1988134700F9B880 /* ViewController.m */ = {isa = PBXFileReference; lastKnownFileType = sourcecode.c.objc; path = ViewController.m; sourceTree = "<group>"; };
		1B988BD01988134700F9B880 /* Images.xcassets */ = {isa = PBXFileReference; lastKnownFileType = folder.assetcatalog; path = Images.xcassets; sourceTree = "<group>"; };
		1B988BD61988134700F9B880 /* percussionTests.xctest */ = {isa = PBXFileReference; explicitFileType = wrapper.cfbundle; includeInIndex = 0; path = percussionTests.xctest; sourceTree = BUILT_PRODUCTS_DIR; };
		1B988BD71988134700F9B880 /* XCTest.framework */ = {isa = PBXFileReference; lastKnownFileType = wrapper.framework; name = XCTest.framework; path = Library/Frameworks/XCTest.framework; sourceTree = DEVELOPER_DIR; };
		1B988BDF1988134700F9B880 /* percussionTests-Info.plist */ = {isa = PBXFileReference; lastKnownFileType = text.plist.xml; path = "percussionTests-Info.plist"; sourceTree = "<group>"; };
		1B988BE11988134700F9B880 /* en */ = {isa = PBXFileReference; lastKnownFileType = text.plist.strings; name = en; path = en.lproj/InfoPlist.strings; sourceTree = "<group>"; };
		1B988BE31988134700F9B880 /* percussionTests.m */ = {isa = PBXFileReference; lastKnownFileType = sourcecode.c.objc; path = percussionTests.m; sourceTree = "<group>"; };
		1B988BED198813F800F9B880 /* SoundPlayer.h */ = {isa = PBXFileReference; fileEncoding = 4; lastKnownFileType = sourcecode.c.h; path = SoundPlayer.h; sourceTree = "<group>"; };
		1B988BEE1988140300F9B880 /* SoundPlayer.m */ = {isa = PBXFileReference; fileEncoding = 4; lastKnownFileType = sourcecode.c.objc; path = SoundPlayer.m; sourceTree = "<group>"; };
		1B988BF01988144500F9B880 /* AudioToolbox.framework */ = {isa = PBXFileReference; lastKnownFileType = wrapper.framework; name = AudioToolbox.framework; path = System/Library/Frameworks/AudioToolbox.framework; sourceTree = SDKROOT; };
		1B988BF21988145C00F9B880 /* AVFoundation.framework */ = {isa = PBXFileReference; lastKnownFileType = wrapper.framework; name = AVFoundation.framework; path = System/Library/Frameworks/AVFoundation.framework; sourceTree = SDKROOT; };
		1BB69A9119D6EC17004D9964 /* LeftBongo.wav */ = {isa = PBXFileReference; lastKnownFileType = audio.wav; path = LeftBongo.wav; sourceTree = "<group>"; };
		1BB69A9219D6EC17004D9964 /* LeftBongoEdge.wav */ = {isa = PBXFileReference; lastKnownFileType = audio.wav; path = LeftBongoEdge.wav; sourceTree = "<group>"; };
		1BB69A9319D6EC17004D9964 /* RightBongo.wav */ = {isa = PBXFileReference; lastKnownFileType = audio.wav; path = RightBongo.wav; sourceTree = "<group>"; };
		1BB69A9419D6EC17004D9964 /* RightBongoEdge.wav */ = {isa = PBXFileReference; lastKnownFileType = audio.wav; path = RightBongoEdge.wav; sourceTree = "<group>"; };
/* End PBXFileReference section */

/* Begin PBXFrameworksBuildPhase section */
		1B988BAF1988134700F9B880 /* Frameworks */ = {
			isa = PBXFrameworksBuildPhase;
			buildActionMask = 2147483647;
			files = (
				1B988BF31988145C00F9B880 /* AVFoundation.framework in Frameworks */,
				1B988BF11988144500F9B880 /* AudioToolbox.framework in Frameworks */,
				1B988BB81988134700F9B880 /* CoreGraphics.framework in Frameworks */,
				1B911B2119D08086008536D6 /* StoreKit.framework in Frameworks */,
				1B988BBA1988134700F9B880 /* UIKit.framework in Frameworks */,
				1B988BB61988134700F9B880 /* Foundation.framework in Frameworks */,
			);
			runOnlyForDeploymentPostprocessing = 0;
		};
		1B988BD31988134700F9B880 /* Frameworks */ = {
			isa = PBXFrameworksBuildPhase;
			buildActionMask = 2147483647;
			files = (
				1B988BD81988134700F9B880 /* XCTest.framework in Frameworks */,
				1B988BDA1988134700F9B880 /* UIKit.framework in Frameworks */,
				1B988BD91988134700F9B880 /* Foundation.framework in Frameworks */,
			);
			runOnlyForDeploymentPostprocessing = 0;
		};
/* End PBXFrameworksBuildPhase section */

/* Begin PBXGroup section */
		1B988BA91988134700F9B880 = {
			isa = PBXGroup;
			children = (
				1B294CD519AE22A900AF686E /* Images1.xcassets */,
				1B988BBB1988134700F9B880 /* percussion */,
				1B988BDD1988134700F9B880 /* percussionTests */,
				1B988BB41988134700F9B880 /* Frameworks */,
				1B988BB31988134700F9B880 /* Products */,
				1BB69A9119D6EC17004D9964 /* LeftBongo.wav */,
				1BB69A9219D6EC17004D9964 /* LeftBongoEdge.wav */,
				1BB69A9319D6EC17004D9964 /* RightBongo.wav */,
				1BB69A9419D6EC17004D9964 /* RightBongoEdge.wav */,
			);
			sourceTree = "<group>";
		};
		1B988BB31988134700F9B880 /* Products */ = {
			isa = PBXGroup;
			children = (
				1B988BB21988134700F9B880 /* percussion.app */,
				1B988BD61988134700F9B880 /* percussionTests.xctest */,
			);
			name = Products;
			sourceTree = "<group>";
		};
		1B988BB41988134700F9B880 /* Frameworks */ = {
			isa = PBXGroup;
			children = (
				1B911B2019D08086008536D6 /* StoreKit.framework */,
				1B91BF9819A60E98007ED43B /* QuartzCore.framework */,
				1B988BF21988145C00F9B880 /* AVFoundation.framework */,
				1B988BF01988144500F9B880 /* AudioToolbox.framework */,
				1B988BB51988134700F9B880 /* Foundation.framework */,
				1B988BB71988134700F9B880 /* CoreGraphics.framework */,
				1B988BB91988134700F9B880 /* UIKit.framework */,
				1B988BD71988134700F9B880 /* XCTest.framework */,
			);
			name = Frameworks;
			sourceTree = "<group>";
		};
		1B988BBB1988134700F9B880 /* percussion */ = {
			isa = PBXGroup;
			children = (
				1B988BC41988134700F9B880 /* AppDelegate.h */,
				1B988BC51988134700F9B880 /* AppDelegate.m */,
				1B988BC71988134700F9B880 /* Main_iPhone.storyboard */,
				1B911B4119D167D5008536D6 /* PurchaseViewController.h */,
				1B911B4219D167D5008536D6 /* PurchaseViewController.m */,
				1B911B3619D0932B008536D6 /* MainViewController.h */,
				1B911B3719D0932B008536D6 /* MainViewController.m */,
				1B988BCA1988134700F9B880 /* Main_iPad.storyboard */,
				1B988BCD1988134700F9B880 /* ViewController.h */,
				1B988BCE1988134700F9B880 /* ViewController.m */,
				1B97E60B19ACC0BF002E4F98 /* BongoViewController.h */,
				1B97E60C19ACC0BF002E4F98 /* BongoViewController.m */,
				1B911B3019D08FDC008536D6 /* CongaSequencerViewController.h */,
				1B911B3119D08FDC008536D6 /* CongaSequencerViewController.m */,
				1B911B3319D09009008536D6 /* CongaViewController.h */,
				1B911B3419D09009008536D6 /* CongaViewController.m */,
				1B988BED198813F800F9B880 /* SoundPlayer.h */,
				1B988BEE1988140300F9B880 /* SoundPlayer.m */,
				1B97E60719ACA8C5002E4F98 /* MasterViewController.h */,
				1B97E60519ACA8B3002E4F98 /* MasterViewController.m */,
				1B294CB119ADFE9100AF686E /* backgroundImage.png */,
				1B294CB319ADFE9B00AF686E /* blueButton.png */,
				1B294CB419ADFE9B00AF686E /* circleButton.png */,
				1B294CB519ADFE9B00AF686E /* greenButton.png */,
				1B294CB619ADFE9B00AF686E /* greyButton.png */,
				1B294CBB19ADFEA400AF686E /* highVolumeImage.png */,
				1B294CBC19ADFEA400AF686E /* lowVolumeImage.png */,
				1B294CBD19ADFEA400AF686E /* mediumVolumeImage.png */,
				1B294CBE19ADFEA400AF686E /* play.png */,
				1B294CBF19ADFEA400AF686E /* rectangleButton.png */,
				1B294CC519ADFEAF00AF686E /* redButton.png */,
				1B294CC619ADFEAF00AF686E /* stop.png */,
				1B294CC719ADFEAF00AF686E /* tempoBackground.png */,
				1B294CCD19ADFF9A00AF686E /* bongo_cutout.png */,
				1B294CCF19AE205900AF686E /* timerBarImage.png */,
				1B294CD919AE35FF00AF686E /* homePage.png */,
				1B988BD01988134700F9B880 /* Images.xcassets */,
				1B988BBC1988134700F9B880 /* Supporting Files */,
			);
			path = percussion;
			sourceTree = "<group>";
		};
		1B988BBC1988134700F9B880 /* Supporting Files */ = {
			isa = PBXGroup;
			children = (
				1B988BBD1988134700F9B880 /* percussion-Info.plist */,
				1B988BBE1988134700F9B880 /* InfoPlist.strings */,
				1B988BC11988134700F9B880 /* main.m */,
				1B988BC31988134700F9B880 /* percussion-Prefix.pch */,
			);
			name = "Supporting Files";
			sourceTree = "<group>";
		};
		1B988BDD1988134700F9B880 /* percussionTests */ = {
			isa = PBXGroup;
			children = (
				1B988BE31988134700F9B880 /* percussionTests.m */,
				1B988BDE1988134700F9B880 /* Supporting Files */,
			);
			path = percussionTests;
			sourceTree = "<group>";
		};
		1B988BDE1988134700F9B880 /* Supporting Files */ = {
			isa = PBXGroup;
			children = (
				1B988BDF1988134700F9B880 /* percussionTests-Info.plist */,
				1B988BE01988134700F9B880 /* InfoPlist.strings */,
			);
			name = "Supporting Files";
			sourceTree = "<group>";
		};
/* End PBXGroup section */

/* Begin PBXNativeTarget section */
		1B988BB11988134700F9B880 /* percussion */ = {
			isa = PBXNativeTarget;
			buildConfigurationList = 1B988BE71988134700F9B880 /* Build configuration list for PBXNativeTarget "percussion" */;
			buildPhases = (
				1B988BAE1988134700F9B880 /* Sources */,
				1B988BAF1988134700F9B880 /* Frameworks */,
				1B988BB01988134700F9B880 /* Resources */,
			);
			buildRules = (
			);
			dependencies = (
			);
			name = percussion;
			productName = percussion;
			productReference = 1B988BB21988134700F9B880 /* percussion.app */;
			productType = "com.apple.product-type.application";
		};
		1B988BD51988134700F9B880 /* percussionTests */ = {
			isa = PBXNativeTarget;
			buildConfigurationList = 1B988BEA1988134700F9B880 /* Build configuration list for PBXNativeTarget "percussionTests" */;
			buildPhases = (
				1B988BD21988134700F9B880 /* Sources */,
				1B988BD31988134700F9B880 /* Frameworks */,
				1B988BD41988134700F9B880 /* Resources */,
			);
			buildRules = (
			);
			dependencies = (
				1B988BDC1988134700F9B880 /* PBXTargetDependency */,
			);
			name = percussionTests;
			productName = percussionTests;
			productReference = 1B988BD61988134700F9B880 /* percussionTests.xctest */;
			productType = "com.apple.product-type.bundle.unit-test";
		};
/* End PBXNativeTarget section */

/* Begin PBXProject section */
		1B988BAA1988134700F9B880 /* Project object */ = {
			isa = PBXProject;
			attributes = {
				LastUpgradeCheck = 0510;
				ORGANIZATIONNAME = GeorgeFrancis;
				TargetAttributes = {
					1B988BB11988134700F9B880 = {
						DevelopmentTeam = RSWW858M46;
						SystemCapabilities = {
							com.apple.InAppPurchase = {
								enabled = 1;
							};
						};
					};
					1B988BD51988134700F9B880 = {
						TestTargetID = 1B988BB11988134700F9B880;
					};
				};
			};
			buildConfigurationList = 1B988BAD1988134700F9B880 /* Build configuration list for PBXProject "percussion" */;
			compatibilityVersion = "Xcode 3.2";
			developmentRegion = English;
			hasScannedForEncodings = 0;
			knownRegions = (
				en,
				Base,
			);
			mainGroup = 1B988BA91988134700F9B880;
			productRefGroup = 1B988BB31988134700F9B880 /* Products */;
			projectDirPath = "";
			projectRoot = "";
			targets = (
				1B988BB11988134700F9B880 /* percussion */,
				1B988BD51988134700F9B880 /* percussionTests */,
			);
		};
/* End PBXProject section */

/* Begin PBXResourcesBuildPhase section */
		1B988BB01988134700F9B880 /* Resources */ = {
			isa = PBXResourcesBuildPhase;
			buildActionMask = 2147483647;
			files = (
				1B294CC919ADFEAF00AF686E /* redButton.png in Resources */,
				1B294CCA19ADFEAF00AF686E /* stop.png in Resources */,
				1B988BCC1988134700F9B880 /* Main_iPad.storyboard in Resources */,
				1B294CC319ADFEA400AF686E /* play.png in Resources */,
				1B294CCB19ADFEAF00AF686E /* tempoBackground.png in Resources */,
				1B988BD11988134700F9B880 /* Images.xcassets in Resources */,
				1B988BC91988134700F9B880 /* Main_iPhone.storyboard in Resources */,
				1B294CB219ADFE9100AF686E /* backgroundImage.png in Resources */,
				1BB69A9719D6EC17004D9964 /* RightBongo.wav in Resources */,
				1B294CC419ADFEA400AF686E /* rectangleButton.png in Resources */,
				1B294CC219ADFEA400AF686E /* mediumVolumeImage.png in Resources */,
				1B294CB819ADFE9B00AF686E /* circleButton.png in Resources */,
				1B294CD619AE22A900AF686E /* Images1.xcassets in Resources */,
				1BB69A9519D6EC17004D9964 /* LeftBongo.wav in Resources */,
				1B988BC01988134700F9B880 /* InfoPlist.strings in Resources */,
				1B294CB719ADFE9B00AF686E /* blueButton.png in Resources */,
				1B294CBA19ADFE9B00AF686E /* greyButton.png in Resources */,
				1B294CC119ADFEA400AF686E /* lowVolumeImage.png in Resources */,
				1BB69A9819D6EC17004D9964 /* RightBongoEdge.wav in Resources */,
				1B294CDA19AE35FF00AF686E /* homePage.png in Resources */,
				1B294CC019ADFEA400AF686E /* highVolumeImage.png in Resources */,
				1B294CCE19ADFF9A00AF686E /* bongo_cutout.png in Resources */,
				1B294CD019AE205900AF686E /* timerBarImage.png in Resources */,
				1BB69A9619D6EC17004D9964 /* LeftBongoEdge.wav in Resources */,
				1B294CB919ADFE9B00AF686E /* greenButton.png in Resources */,
			);
			runOnlyForDeploymentPostprocessing = 0;
		};
		1B988BD41988134700F9B880 /* Resources */ = {
			isa = PBXResourcesBuildPhase;
			buildActionMask = 2147483647;
			files = (
				1B988BE21988134700F9B880 /* InfoPlist.strings in Resources */,
			);
			runOnlyForDeploymentPostprocessing = 0;
		};
/* End PBXResourcesBuildPhase section */

/* Begin PBXSourcesBuildPhase section */
		1B988BAE1988134700F9B880 /* Sources */ = {
			isa = PBXSourcesBuildPhase;
			buildActionMask = 2147483647;
			files = (
				1B988BCF1988134700F9B880 /* ViewController.m in Sources */,
				1B988BC61988134700F9B880 /* AppDelegate.m in Sources */,
				1B97E60D19ACC0BF002E4F98 /* BongoViewController.m in Sources */,
				1B911B3219D08FDC008536D6 /* CongaSequencerViewController.m in Sources */,
				1B911B4419D167D5008536D6 /* PurchaseViewController.m in Sources */,
				1B911B3819D0932B008536D6 /* MainViewController.m in Sources */,
				1B97E60619ACA8B3002E4F98 /* MasterViewController.m in Sources */,
				1B988BEF1988140300F9B880 /* SoundPlayer.m in Sources */,
				1B988BC21988134700F9B880 /* main.m in Sources */,
				1B911B3519D09009008536D6 /* CongaViewController.m in Sources */,
			);
			runOnlyForDeploymentPostprocessing = 0;
		};
		1B988BD21988134700F9B880 /* Sources */ = {
			isa = PBXSourcesBuildPhase;
			buildActionMask = 2147483647;
			files = (
				1B988BE41988134700F9B880 /* percussionTests.m in Sources */,
			);
			runOnlyForDeploymentPostprocessing = 0;
		};
/* End PBXSourcesBuildPhase section */

/* Begin PBXTargetDependency section */
		1B988BDC1988134700F9B880 /* PBXTargetDependency */ = {
			isa = PBXTargetDependency;
			target = 1B988BB11988134700F9B880 /* percussion */;
			targetProxy = 1B988BDB1988134700F9B880 /* PBXContainerItemProxy */;
		};
/* End PBXTargetDependency section */

/* Begin PBXVariantGroup section */
		1B988BBE1988134700F9B880 /* InfoPlist.strings */ = {
			isa = PBXVariantGroup;
			children = (
				1B988BBF1988134700F9B880 /* en */,
			);
			name = InfoPlist.strings;
			sourceTree = "<group>";
		};
		1B988BC71988134700F9B880 /* Main_iPhone.storyboard */ = {
			isa = PBXVariantGroup;
			children = (
				1B988BC81988134700F9B880 /* Base */,
			);
			name = Main_iPhone.storyboard;
			sourceTree = "<group>";
		};
		1B988BCA1988134700F9B880 /* Main_iPad.storyboard */ = {
			isa = PBXVariantGroup;
			children = (
				1B988BCB1988134700F9B880 /* Base */,
			);
			name = Main_iPad.storyboard;
			sourceTree = "<group>";
		};
		1B988BE01988134700F9B880 /* InfoPlist.strings */ = {
			isa = PBXVariantGroup;
			children = (
				1B988BE11988134700F9B880 /* en */,
			);
			name = InfoPlist.strings;
			sourceTree = "<group>";
		};
/* End PBXVariantGroup section */

/* Begin XCBuildConfiguration section */
		1B988BE51988134700F9B880 /* Debug */ = {
			isa = XCBuildConfiguration;
			buildSettings = {
				ALWAYS_SEARCH_USER_PATHS = NO;
				CLANG_CXX_LANGUAGE_STANDARD = "gnu++0x";
				CLANG_CXX_LIBRARY = "libc++";
				CLANG_ENABLE_MODULES = YES;
				CLANG_ENABLE_OBJC_ARC = YES;
				CLANG_WARN_BOOL_CONVERSION = YES;
				CLANG_WARN_CONSTANT_CONVERSION = YES;
				CLANG_WARN_DIRECT_OBJC_ISA_USAGE = YES_ERROR;
				CLANG_WARN_EMPTY_BODY = YES;
				CLANG_WARN_ENUM_CONVERSION = YES;
				CLANG_WARN_INT_CONVERSION = YES;
				CLANG_WARN_OBJC_ROOT_CLASS = YES_ERROR;
				CLANG_WARN__DUPLICATE_METHOD_MATCH = YES;
				"CODE_SIGN_IDENTITY[sdk=iphoneos*]" = "iPhone Developer";
				COPY_PHASE_STRIP = NO;
				GCC_C_LANGUAGE_STANDARD = gnu99;
				GCC_DYNAMIC_NO_PIC = NO;
				GCC_OPTIMIZATION_LEVEL = 0;
				GCC_PREPROCESSOR_DEFINITIONS = (
					"DEBUG=1",
					"$(inherited)",
				);
				GCC_SYMBOLS_PRIVATE_EXTERN = NO;
				GCC_WARN_64_TO_32_BIT_CONVERSION = YES;
				GCC_WARN_ABOUT_RETURN_TYPE = YES_ERROR;
				GCC_WARN_UNDECLARED_SELECTOR = YES;
				GCC_WARN_UNINITIALIZED_AUTOS = YES_AGGRESSIVE;
				GCC_WARN_UNUSED_FUNCTION = YES;
				GCC_WARN_UNUSED_VARIABLE = YES;
				IPHONEOS_DEPLOYMENT_TARGET = 7.1;
				ONLY_ACTIVE_ARCH = YES;
				SDKROOT = iphoneos;
				TARGETED_DEVICE_FAMILY = "1,2";
			};
			name = Debug;
		};
		1B988BE61988134700F9B880 /* Release */ = {
			isa = XCBuildConfiguration;
			buildSettings = {
				ALWAYS_SEARCH_USER_PATHS = NO;
				CLANG_CXX_LANGUAGE_STANDARD = "gnu++0x";
				CLANG_CXX_LIBRARY = "libc++";
				CLANG_ENABLE_MODULES = YES;
				CLANG_ENABLE_OBJC_ARC = YES;
				CLANG_WARN_BOOL_CONVERSION = YES;
				CLANG_WARN_CONSTANT_CONVERSION = YES;
				CLANG_WARN_DIRECT_OBJC_ISA_USAGE = YES_ERROR;
				CLANG_WARN_EMPTY_BODY = YES;
				CLANG_WARN_ENUM_CONVERSION = YES;
				CLANG_WARN_INT_CONVERSION = YES;
				CLANG_WARN_OBJC_ROOT_CLASS = YES_ERROR;
				CLANG_WARN__DUPLICATE_METHOD_MATCH = YES;
				"CODE_SIGN_IDENTITY[sdk=iphoneos*]" = "iPhone Developer";
				COPY_PHASE_STRIP = YES;
				ENABLE_NS_ASSERTIONS = NO;
				GCC_C_LANGUAGE_STANDARD = gnu99;
				GCC_WARN_64_TO_32_BIT_CONVERSION = YES;
				GCC_WARN_ABOUT_RETURN_TYPE = YES_ERROR;
				GCC_WARN_UNDECLARED_SELECTOR = YES;
				GCC_WARN_UNINITIALIZED_AUTOS = YES_AGGRESSIVE;
				GCC_WARN_UNUSED_FUNCTION = YES;
				GCC_WARN_UNUSED_VARIABLE = YES;
				IPHONEOS_DEPLOYMENT_TARGET = 7.1;
				SDKROOT = iphoneos;
				TARGETED_DEVICE_FAMILY = "1,2";
				VALIDATE_PRODUCT = YES;
			};
			name = Release;
		};
		1B988BE81988134700F9B880 /* Debug */ = {
			isa = XCBuildConfiguration;
			buildSettings = {
				ASSETCATALOG_COMPILER_APPICON_NAME = AppIcon;
				ASSETCATALOG_COMPILER_LAUNCHIMAGE_NAME = LaunchImage;
				CODE_SIGN_IDENTITY = "iPhone Developer: George Francis (8V2QFZD9RM)";
				"CODE_SIGN_IDENTITY[sdk=iphoneos*]" = "iPhone Developer: George Francis (8V2QFZD9RM)";
				GCC_PRECOMPILE_PREFIX_HEADER = YES;
				GCC_PREFIX_HEADER = "percussion/percussion-Prefix.pch";
				INFOPLIST_FILE = "percussion/percussion-Info.plist";
				PRODUCT_NAME = "$(TARGET_NAME)";
				PROVISIONING_PROFILE = "";
				WRAPPER_EXTENSION = app;
			};
			name = Debug;
		};
		1B988BE91988134700F9B880 /* Release */ = {
			isa = XCBuildConfiguration;
			buildSettings = {
				ASSETCATALOG_COMPILER_APPICON_NAME = AppIcon;
				ASSETCATALOG_COMPILER_LAUNCHIMAGE_NAME = LaunchImage;
				CODE_SIGN_IDENTITY = "iPhone Developer: George Francis (8V2QFZD9RM)";
				"CODE_SIGN_IDENTITY[sdk=iphoneos*]" = "iPhone Developer: George Francis (8V2QFZD9RM)";
				GCC_PRECOMPILE_PREFIX_HEADER = YES;
				GCC_PREFIX_HEADER = "percussion/percussion-Prefix.pch";
				INFOPLIST_FILE = "percussion/percussion-Info.plist";
				PRODUCT_NAME = "$(TARGET_NAME)";
				PROVISIONING_PROFILE = "";
				WRAPPER_EXTENSION = app;
			};
			name = Release;
		};
		1B988BEB1988134700F9B880 /* Debug */ = {
			isa = XCBuildConfiguration;
			buildSettings = {
				BUNDLE_LOADER = "$(BUILT_PRODUCTS_DIR)/percussion.app/percussion";
				FRAMEWORK_SEARCH_PATHS = (
					"$(SDKROOT)/Developer/Library/Frameworks",
					"$(inherited)",
					"$(DEVELOPER_FRAMEWORKS_DIR)",
				);
				GCC_PRECOMPILE_PREFIX_HEADER = YES;
				GCC_PREFIX_HEADER = "percussion/percussion-Prefix.pch";
				GCC_PREPROCESSOR_DEFINITIONS = (
					"DEBUG=1",
					"$(inherited)",
				);
				INFOPLIST_FILE = "percussionTests/percussionTests-Info.plist";
				PRODUCT_NAME = "$(TARGET_NAME)";
				TEST_HOST = "$(BUNDLE_LOADER)";
				WRAPPER_EXTENSION = xctest;
			};
			name = Debug;
		};
		1B988BEC1988134700F9B880 /* Release */ = {
			isa = XCBuildConfiguration;
			buildSettings = {
				BUNDLE_LOADER = "$(BUILT_PRODUCTS_DIR)/percussion.app/percussion";
				FRAMEWORK_SEARCH_PATHS = (
					"$(SDKROOT)/Developer/Library/Frameworks",
					"$(inherited)",
					"$(DEVELOPER_FRAMEWORKS_DIR)",
				);
				GCC_PRECOMPILE_PREFIX_HEADER = YES;
				GCC_PREFIX_HEADER = "percussion/percussion-Prefix.pch";
				INFOPLIST_FILE = "percussionTests/percussionTests-Info.plist";
				PRODUCT_NAME = "$(TARGET_NAME)";
				TEST_HOST = "$(BUNDLE_LOADER)";
				WRAPPER_EXTENSION = xctest;
			};
			name = Release;
		};
/* End XCBuildConfiguration section */

/* Begin XCConfigurationList section */
		1B988BAD1988134700F9B880 /* Build configuration list for PBXProject "percussion" */ = {
			isa = XCConfigurationList;
			buildConfigurations = (
				1B988BE51988134700F9B880 /* Debug */,
				1B988BE61988134700F9B880 /* Release */,
			);
			defaultConfigurationIsVisible = 0;
			defaultConfigurationName = Release;
		};
		1B988BE71988134700F9B880 /* Build configuration list for PBXNativeTarget "percussion" */ = {
			isa = XCConfigurationList;
			buildConfigurations = (
				1B988BE81988134700F9B880 /* Debug */,
				1B988BE91988134700F9B880 /* Release */,
			);
			defaultConfigurationIsVisible = 0;
			defaultConfigurationName = Release;
		};
		1B988BEA1988134700F9B880 /* Build configuration list for PBXNativeTarget "percussionTests" */ = {
			isa = XCConfigurationList;
			buildConfigurations = (
				1B988BEB1988134700F9B880 /* Debug */,
				1B988BEC1988134700F9B880 /* Release */,
			);
			defaultConfigurationIsVisible = 0;
			defaultConfigurationName = Release;
		};
/* End XCConfigurationList section */
	};
	rootObject = 1B988BAA1988134700F9B880 /* Project object */;
}
